{
  "name": "hostedtools-app",
  "lockfileVersion": 3,
  "requires": true,
  "packages": {
    "": {
      "dependencies": {
        "papaparse": "^5.5.3"
      },
      "devDependencies": {
        "@types/papaparse": "^5.3.16"
      }
    },
    "node_modules/@types/node": {
      "version": "24.1.0",
      "resolved": "https://registry.npmjs.org/@types/node/-/node-24.1.0.tgz",
      "integrity": "sha512-ut5FthK5moxFKH2T1CUOC6ctR67rQRvvHdFLCD2Ql6KXmMuCrjsSsRI9UsLCm9M18BMwClv4pn327UvB7eeO1w==",
      "dev": true,
      "license": "MIT",
      "dependencies": {
        "undici-types": "~7.8.0"
      }
    },
    "node_modules/@types/papaparse": {
      "version": "5.3.16",
      "resolved": "https://registry.npmjs.org/@types/papaparse/-/papaparse-5.3.16.tgz",
      "integrity": "sha512-T3VuKMC2H0lgsjI9buTB3uuKj3EMD2eap1MOuEQuBQ44EnDx/IkGhU6EwiTf9zG3za4SKlmwKAImdDKdNnCsXg==",
      "dev": true,
      "license": "MIT",
      "dependencies": {
        "@types/node": "*"
      }
    },
    "node_modules/papaparse": {
      "version": "5.5.3",
      "resolved": "https://registry.npmjs.org/papaparse/-/papaparse-5.5.3.tgz",
      "integrity": "sha512-5QvjGxYVjxO59MGU2lHVYpRWBBtKHnlIAcSe1uNFCkkptUh63NFRj0FJQm7nR67puEruUci/ZkjmEFrjCAyP4A==",
      "license": "MIT"
    },
    "node_modules/undici-types": {
      "version": "7.8.0",
      "resolved": "https://registry.npmjs.org/undici-types/-/undici-types-7.8.0.tgz",
      "integrity": "sha512-9UJ2xGDvQ43tYyVMpuHlsgApydB8ZKfVYTsLDhXkFL/6gfkp+U8xTGdh8pMJv1SpZna0zxG1DwsKZsreLbXBxw==",
      "dev": true,
      "license": "MIT"
    }
  }
}
